
Microsoft Visual Studio Solution File, Format Version 12.00
# Visual Studio 15
VisualStudioVersion = 15.0.27130.2027
MinimumVisualStudioVersion = 10.0.40219.1
Project("{FAE04EC0-301F-11D3-BF4B-00C04F79EFBC}") = "LmycWebSite", "LmycWebSite\LmycWebSite.csproj", "{0BE1B6E4-BFEC-4FED-8689-F06283C14F38}"
EndProject
Project("{FAE04EC0-301F-11D3-BF4B-00C04F79EFBC}") = "LmycDataLib", "LmycDataLib\LmycDataLib.csproj", "{1F8A19A9-F8E9-4745-9C0B-8C17AC8357CE}"
EndProject
Global
	GlobalSection(SolutionConfigurationPlatforms) = preSolution
		Debug|Any CPU = Debug|Any CPU
		Release|Any CPU = Release|Any CPU
	EndGlobalSection
	GlobalSection(ProjectConfigurationPlatforms) = postSolution
		{0BE1B6E4-BFEC-4FED-8689-F06283C14F38}.Debug|Any CPU.ActiveCfg = Debug|Any CPU
		{0BE1B6E4-BFEC-4FED-8689-F06283C14F38}.Debug|Any CPU.Build.0 = Debug|Any CPU
		{0BE1B6E4-BFEC-4FED-8689-F06283C14F38}.Release|Any CPU.ActiveCfg = Release|Any CPU
		{0BE1B6E4-BFEC-4FED-8689-F06283C14F38}.Release|Any CPU.Build.0 = Release|Any CPU
		{1F8A19A9-F8E9-4745-9C0B-8C17AC8357CE}.Debug|Any CPU.ActiveCfg = Debug|Any CPU
		{1F8A19A9-F8E9-4745-9C0B-8C17AC8357CE}.Debug|Any CPU.Build.0 = Debug|Any CPU
		{1F8A19A9-F8E9-4745-9C0B-8C17AC8357CE}.Release|Any CPU.ActiveCfg = Release|Any CPU
		{1F8A19A9-F8E9-4745-9C0B-8C17AC8357CE}.Release|Any CPU.Build.0 = Release|Any CPU
	EndGlobalSection
	GlobalSection(SolutionProperties) = preSolution
		HideSolutionNode = FALSE
	EndGlobalSection
	GlobalSection(ExtensibilityGlobals) = postSolution
		SolutionGuid = {AD7F8D4A-DBF6-4FA0-BC91-1FB2139F4B43}
	EndGlobalSection
EndGlobal
